// !$*UTF8*$!
{
	archiveVersion = 1;
	classes = {
	};
	objectVersion = 46;
	objects = {

/* Begin PBXBuildFile section */
		760C2DA119E3038C00615167 /* main.m in Sources */ = {isa = PBXBuildFile; fileRef = 760C2DA019E3038C00615167 /* main.m */; };
		760C2DA419E3038C00615167 /* AppDelegate.m in Sources */ = {isa = PBXBuildFile; fileRef = 760C2DA319E3038C00615167 /* AppDelegate.m */; };
		760C2DA719E3038C00615167 /* ViewController.m in Sources */ = {isa = PBXBuildFile; fileRef = 760C2DA619E3038C00615167 /* ViewController.m */; };
		760C2DAA19E3038C00615167 /* Main.storyboard in Resources */ = {isa = PBXBuildFile; fileRef = 760C2DA819E3038C00615167 /* Main.storyboard */; };
		760C2DAC19E3038C00615167 /* Images.xcassets in Resources */ = {isa = PBXBuildFile; fileRef = 760C2DAB19E3038C00615167 /* Images.xcassets */; };
		760C2DAF19E3038C00615167 /* LaunchScreen.xib in Resources */ = {isa = PBXBuildFile; fileRef = 760C2DAD19E3038C00615167 /* LaunchScreen.xib */; };
		760C2DBB19E3038D00615167 /* ToDoListTests.m in Sources */ = {isa = PBXBuildFile; fileRef = 760C2DBA19E3038D00615167 /* ToDoListTests.m */; };
		760C2DC519E306E300615167 /* main.storyboard in Resources */ = {isa = PBXBuildFile; fileRef = 760C2DC419E306E300615167 /* main.storyboard */; };
/* End PBXBuildFile section */

/* Begin PBXContainerItemProxy section */
		760C2DB519E3038D00615167 /* PBXContainerItemProxy */ = {
			isa = PBXContainerItemProxy;
			containerPortal = 760C2D9319E3038C00615167 /* Project object */;
			proxyType = 1;
			remoteGlobalIDString = 760C2D9A19E3038C00615167;
			remoteInfo = ToDoList;
		};
/* End PBXContainerItemProxy section */

/* Begin PBXFileReference section */
		760C2D9B19E3038C00615167 /* ToDoList.app */ = {isa = PBXFileReference; explicitFileType = wrapper.application; includeInIndex = 0; path = ToDoList.app; sourceTree = BUILT_PRODUCTS_DIR; };
		760C2D9F19E3038C00615167 /* Info.plist */ = {isa = PBXFileReference; lastKnownFileType = text.plist.xml; path = Info.plist; sourceTree = "<group>"; };
		760C2DA019E3038C00615167 /* main.m */ = {isa = PBXFileReference; lastKnownFileType = sourcecode.c.objc; path = main.m; sourceTree = "<group>"; };
		760C2DA219E3038C00615167 /* AppDelegate.h */ = {isa = PBXFileReference; lastKnownFileType = sourcecode.c.h; path = AppDelegate.h; sourceTree = "<group>"; };
		760C2DA319E3038C00615167 /* AppDelegate.m */ = {isa = PBXFileReference; lastKnownFileType = sourcecode.c.objc; path = AppDelegate.m; sourceTree = "<group>"; };
		760C2DA519E3038C00615167 /* ViewController.h */ = {isa = PBXFileReference; lastKnownFileType = sourcecode.c.h; path = ViewController.h; sourceTree = "<group>"; };
		760C2DA619E3038C00615167 /* ViewController.m */ = {isa = PBXFileReference; lastKnownFileType = sourcecode.c.objc; path = ViewController.m; sourceTree = "<group>"; };
		760C2DA919E3038C00615167 /* Base */ = {isa = PBXFileReference; lastKnownFileType = file.storyboard; name = Base; path = Base.lproj/Main.storyboard; sourceTree = "<group>"; };
		760C2DAB19E3038C00615167 /* Images.xcassets */ = {isa = PBXFileReference; lastKnownFileType = folder.assetcatalog; path = Images.xcassets; sourceTree = "<group>"; };
		760C2DAE19E3038C00615167 /* Base */ = {isa = PBXFileReference; lastKnownFileType = file.xib; name = Base; path = Base.lproj/LaunchScreen.xib; sourceTree = "<group>"; };
		760C2DB419E3038D00615167 /* ToDoListTests.xctest */ = {isa = PBXFileReference; explicitFileType = wrapper.cfbundle; includeInIndex = 0; path = ToDoListTests.xctest; sourceTree = BUILT_PRODUCTS_DIR; };
		760C2DB919E3038D00615167 /* Info.plist */ = {isa = PBXFileReference; lastKnownFileType = text.plist.xml; path = Info.plist; sourceTree = "<group>"; };
		760C2DBA19E3038D00615167 /* ToDoListTests.m */ = {isa = PBXFileReference; lastKnownFileType = sourcecode.c.objc; path = ToDoListTests.m; sourceTree = "<group>"; };
		760C2DC419E306E300615167 /* main.storyboard */ = {isa = PBXFileReference; fileEncoding = 4; lastKnownFileType = file.storyboard; path = main.storyboard; sourceTree = "<group>"; };
/* End PBXFileReference section */

/* Begin PBXFrameworksBuildPhase section */
		760C2D9819E3038C00615167 /* Frameworks */ = {
			isa = PBXFrameworksBuildPhase;
			buildActionMask = 2147483647;
			files = (
			);
			runOnlyForDeploymentPostprocessing = 0;
		};
		760C2DB119E3038D00615167 /* Frameworks */ = {
			isa = PBXFrameworksBuildPhase;
			buildActionMask = 2147483647;
			files = (
			);
			runOnlyForDeploymentPostprocessing = 0;
		};
/* End PBXFrameworksBuildPhase section */

/* Begin PBXGroup section */
		760C2D9219E3038C00615167 = {
			isa = PBXGroup;
			children = (
				760C2D9D19E3038C00615167 /* ToDoList */,
				760C2DB719E3038D00615167 /* ToDoListTests */,
				760C2D9C19E3038C00615167 /* Products */,
			);
			sourceTree = "<group>";
		};
		760C2D9C19E3038C00615167 /* Products */ = {
			isa = PBXGroup;
			children = (
				760C2D9B19E3038C00615167 /* ToDoList.app */,
				760C2DB419E3038D00615167 /* ToDoListTests.xctest */,
			);
			name = Products;
			sourceTree = "<group>";
		};
		760C2D9D19E3038C00615167 /* ToDoList */ = {
			isa = PBXGroup;
			children = (
				760C2DA219E3038C00615167 /* AppDelegate.h */,
				760C2DA319E3038C00615167 /* AppDelegate.m */,
				760C2DC419E306E300615167 /* main.storyboard */,
				760C2DA519E3038C00615167 /* ViewController.h */,
				760C2DA619E3038C00615167 /* ViewController.m */,
				760C2DA819E3038C00615167 /* Main.storyboard */,
				760C2DAB19E3038C00615167 /* Images.xcassets */,
				760C2DAD19E3038C00615167 /* LaunchScreen.xib */,
				760C2D9E19E3038C00615167 /* Supporting Files */,
			);
			path = ToDoList;
			sourceTree = "<group>";
		};
		760C2D9E19E3038C00615167 /* Supporting Files */ = {
			isa = PBXGroup;
			children = (
				760C2D9F19E3038C00615167 /* Info.plist */,
				760C2DA019E3038C00615167 /* main.m */,
			);
			name = "Supporting Files";
			sourceTree = "<group>";
		};
		760C2DB719E3038D00615167 /* ToDoListTests */ = {
			isa = PBXGroup;
			children = (
				760C2DBA19E3038D00615167 /* ToDoListTests.m */,
				760C2DB819E3038D00615167 /* Supporting Files */,
			);
			path = ToDoListTests;
			sourceTree = "<group>";
		};
		760C2DB819E3038D00615167 /* Supporting Files */ = {
			isa = PBXGroup;
			children = (
				760C2DB919E3038D00615167 /* Info.plist */,
			);
			name = "Supporting Files";
			sourceTree = "<group>";
		};
/* End PBXGroup section */

/* Begin PBXNativeTarget section */
		760C2D9A19E3038C00615167 /* ToDoList */ = {
			isa = PBXNativeTarget;
			buildConfigurationList = 760C2DBE19E3038D00615167 /* Build configuration list for PBXNativeTarget "ToDoList" */;
			buildPhases = (
				760C2D9719E3038C00615167 /* Sources */,
				760C2D9819E3038C00615167 /* Frameworks */,
				760C2D9919E3038C00615167 /* Resources */,
			);
			buildRules = (
			);
			dependencies = (
			);
			name = ToDoList;
			productName = ToDoList;
			productReference = 760C2D9B19E3038C00615167 /* ToDoList.app */;
			productType = "com.apple.product-type.application";
		};
		760C2DB319E3038D00615167 /* ToDoListTests */ = {
			isa = PBXNativeTarget;
			buildConfigurationList = 760C2DC119E3038D00615167 /* Build configuration list for PBXNativeTarget "ToDoListTests" */;
			buildPhases = (
				760C2DB019E3038D00615167 /* Sources */,
				760C2DB119E3038D00615167 /* Frameworks */,
				760C2DB219E3038D00615167 /* Resources */,
			);
			buildRules = (
			);
			dependencies = (
				760C2DB619E3038D00615167 /* PBXTargetDependency */,
			);
			name = ToDoListTests;
			productName = ToDoListTests;
			productReference = 760C2DB419E3038D00615167 /* ToDoListTests.xctest */;
			productType = "com.apple.product-type.bundle.unit-test";
		};
/* End PBXNativeTarget section */

/* Begin PBXProject section */
		760C2D9319E3038C00615167 /* Project object */ = {
			isa = PBXProject;
			attributes = {
				LastUpgradeCheck = 0600;
				ORGANIZATIONNAME = CooKiE;
				TargetAttributes = {
					760C2D9A19E3038C00615167 = {
						CreatedOnToolsVersion = 6.0.1;
					};
					760C2DB319E3038D00615167 = {
						CreatedOnToolsVersion = 6.0.1;
						TestTargetID = 760C2D9A19E3038C00615167;
					};
				};
			};
			buildConfigurationList = 760C2D9619E3038C00615167 /* Build configuration list for PBXProject "ToDoList" */;
			compatibilityVersion = "Xcode 3.2";
			developmentRegion = English;
			hasScannedForEncodings = 0;
			knownRegions = (
				en,
				Base,
			);
			mainGroup = 760C2D9219E3038C00615167;
			productRefGroup = 760C2D9C19E3038C00615167 /* Products */;
			projectDirPath = "";
			projectRoot = "";
			targets = (
				760C2D9A19E3038C00615167 /* ToDoList */,
				760C2DB319E3038D00615167 /* ToDoListTests */,
			);
		};
/* End PBXProject section */

/* Begin PBXResourcesBuildPhase section */
		760C2D9919E3038C00615167 /* Resources */ = {
			isa = PBXResourcesBuildPhase;
			buildActionMask = 2147483647;
			files = (
				760C2DAA19E3038C00615167 /* Main.storyboard in Resources */,
				760C2DAF19E3038C00615167 /* LaunchScreen.xib in Resources */,
				760C2DAC19E3038C00615167 /* Images.xcassets in Resources */,
				760C2DC519E306E300615167 /* main.storyboard in Resources */,
			);
			runOnlyForDeploymentPostprocessing = 0;
		};
		760C2DB219E3038D00615167 /* Resources */ = {
			isa = PBXResourcesBuildPhase;
			buildActionMask = 2147483647;
			files = (
			);
			runOnlyForDeploymentPostprocessing = 0;
		};
/* End PBXResourcesBuildPhase section */

/* Begin PBXSourcesBuildPhase section */
		760C2D9719E3038C00615167 /* Sources */ = {
			isa = PBXSourcesBuildPhase;
			buildActionMask = 2147483647;
			files = (
				760C2DA719E3038C00615167 /* ViewController.m in Sources */,
				760C2DA419E3038C00615167 /* AppDelegate.m in Sources */,
				760C2DA119E3038C00615167 /* main.m in Sources */,
			);
			runOnlyForDeploymentPostprocessing = 0;
		};
		760C2DB019E3038D00615167 /* Sources */ = {
			isa = PBXSourcesBuildPhase;
			buildActionMask = 2147483647;
			files = (
				760C2DBB19E3038D00615167 /* ToDoListTests.m in Sources */,
			);
			runOnlyForDeploymentPostprocessing = 0;
		};
/* End PBXSourcesBuildPhase section */

/* Begin PBXTargetDependency section */
		760C2DB619E3038D00615167 /* PBXTargetDependency */ = {
			isa = PBXTargetDependency;
			target = 760C2D9A19E3038C00615167 /* ToDoList */;
			targetProxy = 760C2DB519E3038D00615167 /* PBXContainerItemProxy */;
		};
/* End PBXTargetDependency section */

/* Begin PBXVariantGroup section */
		760C2DA819E3038C00615167 /* Main.storyboard */ = {
			isa = PBXVariantGroup;
			children = (
				760C2DA919E3038C00615167 /* Base */,
			);
			name = Main.storyboard;
			sourceTree = "<group>";
		};
		760C2DAD19E3038C00615167 /* LaunchScreen.xib */ = {
			isa = PBXVariantGroup;
			children = (
				760C2DAE19E3038C00615167 /* Base */,
			);
			name = LaunchScreen.xib;
			sourceTree = "<group>";
		};
/* End PBXVariantGroup section */

/* Begin XCBuildConfiguration section */
		760C2DBC19E3038D00615167 /* Debug */ = {
			isa = XCBuildConfiguration;
			buildSettings = {
				ALWAYS_SEARCH_USER_PATHS = NO;
				CLANG_CXX_LANGUAGE_STANDARD = "gnu++0x";
				CLANG_CXX_LIBRARY = "libc++";
				CLANG_ENABLE_MODULES = YES;
				CLANG_ENABLE_OBJC_ARC = YES;
				CLANG_WARN_BOOL_CONVERSION = YES;
				CLANG_WARN_CONSTANT_CONVERSION = YES;
				CLANG_WARN_DIRECT_OBJC_ISA_USAGE = YES_ERROR;
				CLANG_WARN_EMPTY_BODY = YES;
				CLANG_WARN_ENUM_CONVERSION = YES;
				CLANG_WARN_INT_CONVERSION = YES;
				CLANG_WARN_OBJC_ROOT_CLASS = YES_ERROR;
				CLANG_WARN_UNREACHABLE_CODE = YES;
				CLANG_WARN__DUPLICATE_METHOD_MATCH = YES;
				"CODE_SIGN_IDENTITY[sdk=iphoneos*]" = "iPhone Developer";
				COPY_PHASE_STRIP = NO;
				ENABLE_STRICT_OBJC_MSGSEND = YES;
				GCC_C_LANGUAGE_STANDARD = gnu99;
				GCC_DYNAMIC_NO_PIC = NO;
				GCC_OPTIMIZATION_LEVEL = 0;
				GCC_PREPROCESSOR_DEFINITIONS = (
					"DEBUG=1",
					"$(inherited)",
				);
				GCC_SYMBOLS_PRIVATE_EXTERN = NO;
				GCC_WARN_64_TO_32_BIT_CONVERSION = YES;
				GCC_WARN_ABOUT_RETURN_TYPE = YES_ERROR;
				GCC_WARN_UNDECLARED_SELECTOR = YES;
				GCC_WARN_UNINITIALIZED_AUTOS = YES_AGGRESSIVE;
				GCC_WARN_UNUSED_FUNCTION = YES;
				GCC_WARN_UNUSED_VARIABLE = YES;
				IPHONEOS_DEPLOYMENT_TARGET = 8.0;
				MTL_ENABLE_DEBUG_INFO = YES;
				ONLY_ACTIVE_ARCH = YES;
				SDKROOT = iphoneos;
			};
			name = Debug;
		};
		760C2DBD19E3038D00615167 /* Release */ = {
			isa = XCBuildConfiguration;
			buildSettings = {
				ALWAYS_SEARCH_USER_PATHS = NO;
				CLANG_CXX_LANGUAGE_STANDARD = "gnu++0x";
				CLANG_CXX_LIBRARY = "libc++";
				CLANG_ENABLE_MODULES = YES;
				CLANG_ENABLE_OBJC_ARC = YES;
				CLANG_WARN_BOOL_CONVERSION = YES;
				CLANG_WARN_CONSTANT_CONVERSION = YES;
				CLANG_WARN_DIRECT_OBJC_ISA_USAGE = YES_ERROR;
				CLANG_WARN_EMPTY_BODY = YES;
				CLANG_WARN_ENUM_CONVERSION = YES;
				CLANG_WARN_INT_CONVERSION = YES;
				CLANG_WARN_OBJC_ROOT_CLASS = YES_ERROR;
				CLANG_WARN_UNREACHABLE_CODE = YES;
				CLANG_WARN__DUPLICATE_METHOD_MATCH = YES;
				"CODE_SIGN_IDENTITY[sdk=iphoneos*]" = "iPhone Developer";
				COPY_PHASE_STRIP = YES;
				ENABLE_NS_ASSERTIONS = NO;
				ENABLE_STRICT_OBJC_MSGSEND = YES;
				GCC_C_LANGUAGE_STANDARD = gnu99;
				GCC_WARN_64_TO_32_BIT_CONVERSION = YES;
				GCC_WARN_ABOUT_RETURN_TYPE = YES_ERROR;
				GCC_WARN_UNDECLARED_SELECTOR = YES;
				GCC_WARN_UNINITIALIZED_AUTOS = YES_AGGRESSIVE;
				GCC_WARN_UNUSED_FUNCTION = YES;
				GCC_WARN_UNUSED_VARIABLE = YES;
				IPHONEOS_DEPLOYMENT_TARGET = 8.0;
				MTL_ENABLE_DEBUG_INFO = NO;
				SDKROOT = iphoneos;
				VALIDATE_PRODUCT = YES;
			};
			name = Release;
		};
		760C2DBF19E3038D00615167 /* Debug */ = {
			isa = XCBuildConfiguration;
			buildSettings = {
				ASSETCATALOG_COMPILER_APPICON_NAME = AppIcon;
				INFOPLIST_FILE = ToDoList/Info.plist;
				LD_RUNPATH_SEARCH_PATHS = "$(inherited) @executable_path/Frameworks";
				PRODUCT_NAME = "$(TARGET_NAME)";
			};
			name = Debug;
		};
		760C2DC019E3038D00615167 /* Release */ = {
			isa = XCBuildConfiguration;
			buildSettings = {
				ASSETCATALOG_COMPILER_APPICON_NAME = AppIcon;
				INFOPLIST_FILE = ToDoList/Info.plist;
				LD_RUNPATH_SEARCH_PATHS = "$(inherited) @executable_path/Frameworks";
				PRODUCT_NAME = "$(TARGET_NAME)";
			};
			name = Release;
		};
		760C2DC219E3038D00615167 /* Debug */ = {
			isa = XCBuildConfiguration;
			buildSettings = {
				BUNDLE_LOADER = "$(TEST_HOST)";
				FRAMEWORK_SEARCH_PATHS = (
					"$(SDKROOT)/Developer/Library/Frameworks",
					"$(inherited)",
				);
				GCC_PREPROCESSOR_DEFINITIONS = (
					"DEBUG=1",
					"$(inherited)",
				);
				INFOPLIST_FILE = ToDoListTests/Info.plist;
				LD_RUNPATH_SEARCH_PATHS = "$(inherited) @executable_path/Frameworks @loader_path/Frameworks";
				PRODUCT_NAME = "$(TARGET_NAME)";
				TEST_HOST = "$(BUILT_PRODUCTS_DIR)/ToDoList.app/ToDoList";
			};
			name = Debug;
		};
		760C2DC319E3038D00615167 /* Release */ = {
			isa = XCBuildConfiguration;
			buildSettings = {
				BUNDLE_LOADER = "$(TEST_HOST)";
				FRAMEWORK_SEARCH_PATHS = (
					"$(SDKROOT)/Developer/Library/Frameworks",
					"$(inherited)",
				);
				INFOPLIST_FILE = ToDoListTests/Info.plist;
				LD_RUNPATH_SEARCH_PATHS = "$(inherited) @executable_path/Frameworks @loader_path/Frameworks";
				PRODUCT_NAME = "$(TARGET_NAME)";
				TEST_HOST = "$(BUILT_PRODUCTS_DIR)/ToDoList.app/ToDoList";
			};
			name = Release;
		};
/* End XCBuildConfiguration section */

/* Begin XCConfigurationList section */
		760C2D9619E3038C00615167 /* Build configuration list for PBXProject "ToDoList" */ = {
			isa = XCConfigurationList;
			buildConfigurations = (
				760C2DBC19E3038D00615167 /* Debug */,
				760C2DBD19E3038D00615167 /* Release */,
			);
			defaultConfigurationIsVisible = 0;
			defaultConfigurationName = Release;
		};
		760C2DBE19E3038D00615167 /* Build configuration list for PBXNativeTarget "ToDoList" */ = {
			isa = XCConfigurationList;
			buildConfigurations = (
				760C2DBF19E3038D00615167 /* Debug */,
				760C2DC019E3038D00615167 /* Release */,
			);
			defaultConfigurationIsVisible = 0;
		};
		760C2DC119E3038D00615167 /* Build configuration list for PBXNativeTarget "ToDoListTests" */ = {
			isa = XCConfigurationList;
			buildConfigurations = (
				760C2DC219E3038D00615167 /* Debug */,
				760C2DC319E3038D00615167 /* Release */,
			);
			defaultConfigurationIsVisible = 0;
		};
/* End XCConfigurationList section */
	};
	rootObject = 760C2D9319E3038C00615167 /* Project object */;
}
